// !$*UTF8*$!
{
	archiveVersion = 1;
	classes = {
	};
	objectVersion = 56;
	objects = {

/* Begin PBXBuildFile section */
		FCF830FD29421BFD00DE4261 /* AppDelegate.swift in Sources */ = {isa = PBXBuildFile; fileRef = FCF830FC29421BFD00DE4261 /* AppDelegate.swift */; };
		FCF830FF29421BFD00DE4261 /* SceneDelegate.swift in Sources */ = {isa = PBXBuildFile; fileRef = FCF830FE29421BFD00DE4261 /* SceneDelegate.swift */; };
		FCF8310629421BFE00DE4261 /* Assets.xcassets in Resources */ = {isa = PBXBuildFile; fileRef = FCF8310529421BFE00DE4261 /* Assets.xcassets */; };
		FCF8310929421BFE00DE4261 /* LaunchScreen.storyboard in Resources */ = {isa = PBXBuildFile; fileRef = FCF8310729421BFE00DE4261 /* LaunchScreen.storyboard */; };
		FCF8311929421C6300DE4261 /* Alamofire in Frameworks */ = {isa = PBXBuildFile; productRef = FCF8311829421C6300DE4261 /* Alamofire */; };
		FCF8311E29421E3100DE4261 /* TaskView.swift in Sources */ = {isa = PBXBuildFile; fileRef = FCF8311D29421E3100DE4261 /* TaskView.swift */; };
		FCF8312029421E4100DE4261 /* TaskViewModel.swift in Sources */ = {isa = PBXBuildFile; fileRef = FCF8311F29421E4100DE4261 /* TaskViewModel.swift */; };
		FCF8312229421E6100DE4261 /* PostCellView.swift in Sources */ = {isa = PBXBuildFile; fileRef = FCF8312129421E6100DE4261 /* PostCellView.swift */; };
		FCF8312529421E7A00DE4261 /* TaskData.xcdatamodeld in Sources */ = {isa = PBXBuildFile; fileRef = FCF8312329421E7A00DE4261 /* TaskData.xcdatamodeld */; };
		FCF8312929421EBE00DE4261 /* Post.swift in Sources */ = {isa = PBXBuildFile; fileRef = FCF8312729421EBD00DE4261 /* Post.swift */; };
		FCF8312B29421EDA00DE4261 /* User.swift in Sources */ = {isa = PBXBuildFile; fileRef = FCF8312A29421EDA00DE4261 /* User.swift */; };
		FCF8312D29421F8600DE4261 /* URL+Extension.swift in Sources */ = {isa = PBXBuildFile; fileRef = FCF8312C29421F8600DE4261 /* URL+Extension.swift */; };
		FCF8312F29421F8F00DE4261 /* URLRequest+Extension.swift in Sources */ = {isa = PBXBuildFile; fileRef = FCF8312E29421F8F00DE4261 /* URLRequest+Extension.swift */; };
		FCF8313129421F9A00DE4261 /* APIHelpers.swift in Sources */ = {isa = PBXBuildFile; fileRef = FCF8313029421F9A00DE4261 /* APIHelpers.swift */; };
		FCF8313329421FA100DE4261 /* APIRouter.swift in Sources */ = {isa = PBXBuildFile; fileRef = FCF8313229421FA100DE4261 /* APIRouter.swift */; };
		FCF8313529421FA600DE4261 /* APIService.swift in Sources */ = {isa = PBXBuildFile; fileRef = FCF8313429421FA600DE4261 /* APIService.swift */; };
		FCF8313729421FFB00DE4261 /* CoreDataManager.swift in Sources */ = {isa = PBXBuildFile; fileRef = FCF8313629421FFB00DE4261 /* CoreDataManager.swift */; };
		FCF831392942203B00DE4261 /* DataLayer.swift in Sources */ = {isa = PBXBuildFile; fileRef = FCF831382942203B00DE4261 /* DataLayer.swift */; };
		FCF8313C2942260000DE4261 /* ProgressHUD in Frameworks */ = {isa = PBXBuildFile; productRef = FCF8313B2942260000DE4261 /* ProgressHUD */; };
		FCF83144294227CF00DE4261 /* iOSAppTaskAndreiTancTests.swift in Sources */ = {isa = PBXBuildFile; fileRef = FCF83143294227CF00DE4261 /* iOSAppTaskAndreiTancTests.swift */; };
		FCF8314D294227EB00DE4261 /* ApiServiceMock.swift in Sources */ = {isa = PBXBuildFile; fileRef = FCF8314C294227EB00DE4261 /* ApiServiceMock.swift */; };
		FCF8314F294227F600DE4261 /* CoreDataManagerMock.swift in Sources */ = {isa = PBXBuildFile; fileRef = FCF8314E294227F600DE4261 /* CoreDataManagerMock.swift */; };
		FCF83151294227FC00DE4261 /* Mockable.swift in Sources */ = {isa = PBXBuildFile; fileRef = FCF83150294227FC00DE4261 /* Mockable.swift */; };
		FCF831532942284500DE4261 /* PostsResponse.json in Resources */ = {isa = PBXBuildFile; fileRef = FCF831522942284500DE4261 /* PostsResponse.json */; };
		FCF831552942285000DE4261 /* UserResponse.json in Resources */ = {isa = PBXBuildFile; fileRef = FCF831542942285000DE4261 /* UserResponse.json */; };
/* End PBXBuildFile section */

/* Begin PBXContainerItemProxy section */
		FCF83145294227CF00DE4261 /* PBXContainerItemProxy */ = {
			isa = PBXContainerItemProxy;
			containerPortal = FCF830F129421BFD00DE4261 /* Project object */;
			proxyType = 1;
			remoteGlobalIDString = FCF830F829421BFD00DE4261;
			remoteInfo = iOSAppTaskAndreiTanc;
		};
/* End PBXContainerItemProxy section */

/* Begin PBXFileReference section */
		FCF830F929421BFD00DE4261 /* iOSAppTaskAndreiTanc.app */ = {isa = PBXFileReference; explicitFileType = wrapper.application; includeInIndex = 0; path = iOSAppTaskAndreiTanc.app; sourceTree = BUILT_PRODUCTS_DIR; };
		FCF830FC29421BFD00DE4261 /* AppDelegate.swift */ = {isa = PBXFileReference; lastKnownFileType = sourcecode.swift; path = AppDelegate.swift; sourceTree = "<group>"; };
		FCF830FE29421BFD00DE4261 /* SceneDelegate.swift */ = {isa = PBXFileReference; lastKnownFileType = sourcecode.swift; path = SceneDelegate.swift; sourceTree = "<group>"; };
		FCF8310529421BFE00DE4261 /* Assets.xcassets */ = {isa = PBXFileReference; lastKnownFileType = folder.assetcatalog; path = Assets.xcassets; sourceTree = "<group>"; };
		FCF8310829421BFE00DE4261 /* Base */ = {isa = PBXFileReference; lastKnownFileType = file.storyboard; name = Base; path = Base.lproj/LaunchScreen.storyboard; sourceTree = "<group>"; };
		FCF8310A29421BFE00DE4261 /* Info.plist */ = {isa = PBXFileReference; lastKnownFileType = text.plist.xml; path = Info.plist; sourceTree = "<group>"; };
		FCF8311D29421E3100DE4261 /* TaskView.swift */ = {isa = PBXFileReference; lastKnownFileType = sourcecode.swift; path = TaskView.swift; sourceTree = "<group>"; };
		FCF8311F29421E4100DE4261 /* TaskViewModel.swift */ = {isa = PBXFileReference; lastKnownFileType = sourcecode.swift; path = TaskViewModel.swift; sourceTree = "<group>"; };
		FCF8312129421E6100DE4261 /* PostCellView.swift */ = {isa = PBXFileReference; lastKnownFileType = sourcecode.swift; path = PostCellView.swift; sourceTree = "<group>"; };
		FCF8312429421E7A00DE4261 /* TaskData.xcdatamodel */ = {isa = PBXFileReference; lastKnownFileType = wrapper.xcdatamodel; path = TaskData.xcdatamodel; sourceTree = "<group>"; };
		FCF8312729421EBD00DE4261 /* Post.swift */ = {isa = PBXFileReference; lastKnownFileType = sourcecode.swift; path = Post.swift; sourceTree = SOURCE_ROOT; };
		FCF8312A29421EDA00DE4261 /* User.swift */ = {isa = PBXFileReference; lastKnownFileType = sourcecode.swift; path = User.swift; sourceTree = "<group>"; };
		FCF8312C29421F8600DE4261 /* URL+Extension.swift */ = {isa = PBXFileReference; lastKnownFileType = sourcecode.swift; path = "URL+Extension.swift"; sourceTree = "<group>"; };
		FCF8312E29421F8F00DE4261 /* URLRequest+Extension.swift */ = {isa = PBXFileReference; lastKnownFileType = sourcecode.swift; path = "URLRequest+Extension.swift"; sourceTree = "<group>"; };
		FCF8313029421F9A00DE4261 /* APIHelpers.swift */ = {isa = PBXFileReference; lastKnownFileType = sourcecode.swift; path = APIHelpers.swift; sourceTree = "<group>"; };
		FCF8313229421FA100DE4261 /* APIRouter.swift */ = {isa = PBXFileReference; lastKnownFileType = sourcecode.swift; path = APIRouter.swift; sourceTree = "<group>"; };
		FCF8313429421FA600DE4261 /* APIService.swift */ = {isa = PBXFileReference; lastKnownFileType = sourcecode.swift; path = APIService.swift; sourceTree = "<group>"; };
		FCF8313629421FFB00DE4261 /* CoreDataManager.swift */ = {isa = PBXFileReference; lastKnownFileType = sourcecode.swift; path = CoreDataManager.swift; sourceTree = "<group>"; };
		FCF831382942203B00DE4261 /* DataLayer.swift */ = {isa = PBXFileReference; lastKnownFileType = sourcecode.swift; path = DataLayer.swift; sourceTree = "<group>"; };
		FCF83141294227CF00DE4261 /* iOSAppTaskAndreiTancTests.xctest */ = {isa = PBXFileReference; explicitFileType = wrapper.cfbundle; includeInIndex = 0; path = iOSAppTaskAndreiTancTests.xctest; sourceTree = BUILT_PRODUCTS_DIR; };
		FCF83143294227CF00DE4261 /* iOSAppTaskAndreiTancTests.swift */ = {isa = PBXFileReference; lastKnownFileType = sourcecode.swift; path = iOSAppTaskAndreiTancTests.swift; sourceTree = "<group>"; };
		FCF8314C294227EB00DE4261 /* ApiServiceMock.swift */ = {isa = PBXFileReference; lastKnownFileType = sourcecode.swift; path = ApiServiceMock.swift; sourceTree = "<group>"; };
		FCF8314E294227F600DE4261 /* CoreDataManagerMock.swift */ = {isa = PBXFileReference; lastKnownFileType = sourcecode.swift; path = CoreDataManagerMock.swift; sourceTree = "<group>"; };
		FCF83150294227FC00DE4261 /* Mockable.swift */ = {isa = PBXFileReference; lastKnownFileType = sourcecode.swift; path = Mockable.swift; sourceTree = "<group>"; };
		FCF831522942284500DE4261 /* PostsResponse.json */ = {isa = PBXFileReference; lastKnownFileType = text.json; path = PostsResponse.json; sourceTree = "<group>"; };
		FCF831542942285000DE4261 /* UserResponse.json */ = {isa = PBXFileReference; lastKnownFileType = text.json; path = UserResponse.json; sourceTree = "<group>"; };
/* End PBXFileReference section */

/* Begin PBXFrameworksBuildPhase section */
		FCF830F629421BFD00DE4261 /* Frameworks */ = {
			isa = PBXFrameworksBuildPhase;
			buildActionMask = 2147483647;
			files = (
				FCF8311929421C6300DE4261 /* Alamofire in Frameworks */,
				FCF8313C2942260000DE4261 /* ProgressHUD in Frameworks */,
			);
			runOnlyForDeploymentPostprocessing = 0;
		};
		FCF8313E294227CF00DE4261 /* Frameworks */ = {
			isa = PBXFrameworksBuildPhase;
			buildActionMask = 2147483647;
			files = (
			);
			runOnlyForDeploymentPostprocessing = 0;
		};
/* End PBXFrameworksBuildPhase section */

/* Begin PBXGroup section */
		FCF830F029421BFD00DE4261 = {
			isa = PBXGroup;
			children = (
				FCF830FB29421BFD00DE4261 /* iOSAppTaskAndreiTanc */,
				FCF83142294227CF00DE4261 /* iOSAppTaskAndreiTancTests */,
				FCF830FA29421BFD00DE4261 /* Products */,
			);
			sourceTree = "<group>";
		};
		FCF830FA29421BFD00DE4261 /* Products */ = {
			isa = PBXGroup;
			children = (
				FCF830F929421BFD00DE4261 /* iOSAppTaskAndreiTanc.app */,
				FCF83141294227CF00DE4261 /* iOSAppTaskAndreiTancTests.xctest */,
			);
			name = Products;
			sourceTree = "<group>";
		};
		FCF830FB29421BFD00DE4261 /* iOSAppTaskAndreiTanc */ = {
			isa = PBXGroup;
			children = (
				FCF8311129421C2900DE4261 /* Services */,
				FCF8311229421C3200DE4261 /* Managers */,
				FCF8311029421C2300DE4261 /* Models */,
				FCF8311329421C3A00DE4261 /* Core */,
				FCF830FC29421BFD00DE4261 /* AppDelegate.swift */,
				FCF830FE29421BFD00DE4261 /* SceneDelegate.swift */,
				FCF8310529421BFE00DE4261 /* Assets.xcassets */,
				FCF8310729421BFE00DE4261 /* LaunchScreen.storyboard */,
				FCF8310A29421BFE00DE4261 /* Info.plist */,
			);
			path = iOSAppTaskAndreiTanc;
			sourceTree = "<group>";
		};
		FCF8311029421C2300DE4261 /* Models */ = {
			isa = PBXGroup;
			children = (
				FCF8312729421EBD00DE4261 /* Post.swift */,
				FCF8312A29421EDA00DE4261 /* User.swift */,
				FCF8312329421E7A00DE4261 /* TaskData.xcdatamodeld */,
			);
			path = Models;
			sourceTree = "<group>";
		};
		FCF8311129421C2900DE4261 /* Services */ = {
			isa = PBXGroup;
			children = (
				FCF8313429421FA600DE4261 /* APIService.swift */,
				FCF8313229421FA100DE4261 /* APIRouter.swift */,
				FCF8313029421F9A00DE4261 /* APIHelpers.swift */,
				FCF8312E29421F8F00DE4261 /* URLRequest+Extension.swift */,
				FCF8312C29421F8600DE4261 /* URL+Extension.swift */,
			);
			path = Services;
			sourceTree = "<group>";
		};
		FCF8311229421C3200DE4261 /* Managers */ = {
			isa = PBXGroup;
			children = (
				FCF8313629421FFB00DE4261 /* CoreDataManager.swift */,
				FCF831382942203B00DE4261 /* DataLayer.swift */,
			);
			path = Managers;
			sourceTree = "<group>";
		};
		FCF8311329421C3A00DE4261 /* Core */ = {
			isa = PBXGroup;
			children = (
				FCF8311629421C4F00DE4261 /* Components */,
				FCF8311529421C4A00DE4261 /* ViewModels */,
				FCF8311429421C4500DE4261 /* Views */,
			);
			path = Core;
			sourceTree = "<group>";
		};
		FCF8311429421C4500DE4261 /* Views */ = {
			isa = PBXGroup;
			children = (
				FCF8311D29421E3100DE4261 /* TaskView.swift */,
			);
			path = Views;
			sourceTree = "<group>";
		};
		FCF8311529421C4A00DE4261 /* ViewModels */ = {
			isa = PBXGroup;
			children = (
				FCF8311F29421E4100DE4261 /* TaskViewModel.swift */,
			);
			path = ViewModels;
			sourceTree = "<group>";
		};
		FCF8311629421C4F00DE4261 /* Components */ = {
			isa = PBXGroup;
			children = (
				FCF8312129421E6100DE4261 /* PostCellView.swift */,
			);
			path = Components;
			sourceTree = "<group>";
		};
		FCF83142294227CF00DE4261 /* iOSAppTaskAndreiTancTests */ = {
			isa = PBXGroup;
			children = (
				FCF8314A294227DC00DE4261 /* Network */,
				FCF83143294227CF00DE4261 /* iOSAppTaskAndreiTancTests.swift */,
				FCF831522942284500DE4261 /* PostsResponse.json */,
				FCF831542942285000DE4261 /* UserResponse.json */,
			);
			path = iOSAppTaskAndreiTancTests;
			sourceTree = "<group>";
		};
		FCF8314A294227DC00DE4261 /* Network */ = {
			isa = PBXGroup;
			children = (
				FCF8314B294227E100DE4261 /* Mocks */,
			);
			path = Network;
			sourceTree = "<group>";
		};
		FCF8314B294227E100DE4261 /* Mocks */ = {
			isa = PBXGroup;
			children = (
				FCF8314C294227EB00DE4261 /* ApiServiceMock.swift */,
				FCF8314E294227F600DE4261 /* CoreDataManagerMock.swift */,
				FCF83150294227FC00DE4261 /* Mockable.swift */,
			);
			path = Mocks;
			sourceTree = "<group>";
		};
/* End PBXGroup section */

/* Begin PBXNativeTarget section */
		FCF830F829421BFD00DE4261 /* iOSAppTaskAndreiTanc */ = {
			isa = PBXNativeTarget;
			buildConfigurationList = FCF8310D29421BFE00DE4261 /* Build configuration list for PBXNativeTarget "iOSAppTaskAndreiTanc" */;
			buildPhases = (
				FCF830F529421BFD00DE4261 /* Sources */,
				FCF830F629421BFD00DE4261 /* Frameworks */,
				FCF830F729421BFD00DE4261 /* Resources */,
			);
			buildRules = (
			);
			dependencies = (
			);
			name = iOSAppTaskAndreiTanc;
			packageProductDependencies = (
				FCF8311829421C6300DE4261 /* Alamofire */,
				FCF8313B2942260000DE4261 /* ProgressHUD */,
			);
			productName = iOSAppTaskAndreiTanc;
			productReference = FCF830F929421BFD00DE4261 /* iOSAppTaskAndreiTanc.app */;
			productType = "com.apple.product-type.application";
		};
		FCF83140294227CF00DE4261 /* iOSAppTaskAndreiTancTests */ = {
			isa = PBXNativeTarget;
			buildConfigurationList = FCF83147294227CF00DE4261 /* Build configuration list for PBXNativeTarget "iOSAppTaskAndreiTancTests" */;
			buildPhases = (
				FCF8313D294227CF00DE4261 /* Sources */,
				FCF8313E294227CF00DE4261 /* Frameworks */,
				FCF8313F294227CF00DE4261 /* Resources */,
			);
			buildRules = (
			);
			dependencies = (
				FCF83146294227CF00DE4261 /* PBXTargetDependency */,
			);
			name = iOSAppTaskAndreiTancTests;
			productName = iOSAppTaskAndreiTancTests;
			productReference = FCF83141294227CF00DE4261 /* iOSAppTaskAndreiTancTests.xctest */;
			productType = "com.apple.product-type.bundle.unit-test";
		};
/* End PBXNativeTarget section */

/* Begin PBXProject section */
		FCF830F129421BFD00DE4261 /* Project object */ = {
			isa = PBXProject;
			attributes = {
				BuildIndependentTargetsInParallel = 1;
				LastSwiftUpdateCheck = 1400;
				LastUpgradeCheck = 1400;
				TargetAttributes = {
					FCF830F829421BFD00DE4261 = {
						CreatedOnToolsVersion = 14.0.1;
					};
					FCF83140294227CF00DE4261 = {
						CreatedOnToolsVersion = 14.0.1;
						TestTargetID = FCF830F829421BFD00DE4261;
					};
				};
			};
			buildConfigurationList = FCF830F429421BFD00DE4261 /* Build configuration list for PBXProject "iOSAppTaskAndreiTanc" */;
			compatibilityVersion = "Xcode 14.0";
			developmentRegion = en;
			hasScannedForEncodings = 0;
			knownRegions = (
				en,
				Base,
			);
			mainGroup = FCF830F029421BFD00DE4261;
			packageReferences = (
				FCF8311729421C6300DE4261 /* XCRemoteSwiftPackageReference "Alamofire" */,
				FCF8313A2942260000DE4261 /* XCRemoteSwiftPackageReference "ProgressHUD" */,
			);
			productRefGroup = FCF830FA29421BFD00DE4261 /* Products */;
			projectDirPath = "";
			projectRoot = "";
			targets = (
				FCF830F829421BFD00DE4261 /* iOSAppTaskAndreiTanc */,
				FCF83140294227CF00DE4261 /* iOSAppTaskAndreiTancTests */,
			);
		};
/* End PBXProject section */

/* Begin PBXResourcesBuildPhase section */
		FCF830F729421BFD00DE4261 /* Resources */ = {
			isa = PBXResourcesBuildPhase;
			buildActionMask = 2147483647;
			files = (
				FCF8310929421BFE00DE4261 /* LaunchScreen.storyboard in Resources */,
				FCF8310629421BFE00DE4261 /* Assets.xcassets in Resources */,
			);
			runOnlyForDeploymentPostprocessing = 0;
		};
		FCF8313F294227CF00DE4261 /* Resources */ = {
			isa = PBXResourcesBuildPhase;
			buildActionMask = 2147483647;
			files = (
				FCF831532942284500DE4261 /* PostsResponse.json in Resources */,
				FCF831552942285000DE4261 /* UserResponse.json in Resources */,
			);
			runOnlyForDeploymentPostprocessing = 0;
		};
/* End PBXResourcesBuildPhase section */

/* Begin PBXSourcesBuildPhase section */
		FCF830F529421BFD00DE4261 /* Sources */ = {
			isa = PBXSourcesBuildPhase;
			buildActionMask = 2147483647;
			files = (
				FCF8312229421E6100DE4261 /* PostCellView.swift in Sources */,
				FCF831392942203B00DE4261 /* DataLayer.swift in Sources */,
				FCF8313329421FA100DE4261 /* APIRouter.swift in Sources */,
				FCF8312929421EBE00DE4261 /* Post.swift in Sources */,
				FCF8313129421F9A00DE4261 /* APIHelpers.swift in Sources */,
				FCF8311E29421E3100DE4261 /* TaskView.swift in Sources */,
				FCF8312529421E7A00DE4261 /* TaskData.xcdatamodeld in Sources */,
				FCF8312B29421EDA00DE4261 /* User.swift in Sources */,
				FCF8312F29421F8F00DE4261 /* URLRequest+Extension.swift in Sources */,
				FCF8312D29421F8600DE4261 /* URL+Extension.swift in Sources */,
				FCF8313529421FA600DE4261 /* APIService.swift in Sources */,
				FCF8312029421E4100DE4261 /* TaskViewModel.swift in Sources */,
				FCF830FD29421BFD00DE4261 /* AppDelegate.swift in Sources */,
				FCF8313729421FFB00DE4261 /* CoreDataManager.swift in Sources */,
				FCF830FF29421BFD00DE4261 /* SceneDelegate.swift in Sources */,
			);
			runOnlyForDeploymentPostprocessing = 0;
		};
		FCF8313D294227CF00DE4261 /* Sources */ = {
			isa = PBXSourcesBuildPhase;
			buildActionMask = 2147483647;
			files = (
				FCF8314D294227EB00DE4261 /* ApiServiceMock.swift in Sources */,
				FCF8314F294227F600DE4261 /* CoreDataManagerMock.swift in Sources */,
				FCF83144294227CF00DE4261 /* iOSAppTaskAndreiTancTests.swift in Sources */,
				FCF83151294227FC00DE4261 /* Mockable.swift in Sources */,
			);
			runOnlyForDeploymentPostprocessing = 0;
		};
/* End PBXSourcesBuildPhase section */

/* Begin PBXTargetDependency section */
		FCF83146294227CF00DE4261 /* PBXTargetDependency */ = {
			isa = PBXTargetDependency;
			target = FCF830F829421BFD00DE4261 /* iOSAppTaskAndreiTanc */;
			targetProxy = FCF83145294227CF00DE4261 /* PBXContainerItemProxy */;
		};
/* End PBXTargetDependency section */

/* Begin PBXVariantGroup section */
		FCF8310729421BFE00DE4261 /* LaunchScreen.storyboard */ = {
			isa = PBXVariantGroup;
			children = (
				FCF8310829421BFE00DE4261 /* Base */,
			);
			name = LaunchScreen.storyboard;
			sourceTree = "<group>";
		};
/* End PBXVariantGroup section */

/* Begin XCBuildConfiguration section */
		FCF8310B29421BFE00DE4261 /* Debug */ = {
			isa = XCBuildConfiguration;
			buildSettings = {
				ALWAYS_SEARCH_USER_PATHS = NO;
				CLANG_ANALYZER_NONNULL = YES;
				CLANG_ANALYZER_NUMBER_OBJECT_CONVERSION = YES_AGGRESSIVE;
				CLANG_CXX_LANGUAGE_STANDARD = "gnu++20";
				CLANG_ENABLE_MODULES = YES;
				CLANG_ENABLE_OBJC_ARC = YES;
				CLANG_ENABLE_OBJC_WEAK = YES;
				CLANG_WARN_BLOCK_CAPTURE_AUTORELEASING = YES;
				CLANG_WARN_BOOL_CONVERSION = YES;
				CLANG_WARN_COMMA = YES;
				CLANG_WARN_CONSTANT_CONVERSION = YES;
				CLANG_WARN_DEPRECATED_OBJC_IMPLEMENTATIONS = YES;
				CLANG_WARN_DIRECT_OBJC_ISA_USAGE = YES_ERROR;
				CLANG_WARN_DOCUMENTATION_COMMENTS = YES;
				CLANG_WARN_EMPTY_BODY = YES;
				CLANG_WARN_ENUM_CONVERSION = YES;
				CLANG_WARN_INFINITE_RECURSION = YES;
				CLANG_WARN_INT_CONVERSION = YES;
				CLANG_WARN_NON_LITERAL_NULL_CONVERSION = YES;
				CLANG_WARN_OBJC_IMPLICIT_RETAIN_SELF = YES;
				CLANG_WARN_OBJC_LITERAL_CONVERSION = YES;
				CLANG_WARN_OBJC_ROOT_CLASS = YES_ERROR;
				CLANG_WARN_QUOTED_INCLUDE_IN_FRAMEWORK_HEADER = YES;
				CLANG_WARN_RANGE_LOOP_ANALYSIS = YES;
				CLANG_WARN_STRICT_PROTOTYPES = YES;
				CLANG_WARN_SUSPICIOUS_MOVE = YES;
				CLANG_WARN_UNGUARDED_AVAILABILITY = YES_AGGRESSIVE;
				CLANG_WARN_UNREACHABLE_CODE = YES;
				CLANG_WARN__DUPLICATE_METHOD_MATCH = YES;
				COPY_PHASE_STRIP = NO;
				DEBUG_INFORMATION_FORMAT = dwarf;
				ENABLE_STRICT_OBJC_MSGSEND = YES;
				ENABLE_TESTABILITY = YES;
				GCC_C_LANGUAGE_STANDARD = gnu11;
				GCC_DYNAMIC_NO_PIC = NO;
				GCC_NO_COMMON_BLOCKS = YES;
				GCC_OPTIMIZATION_LEVEL = 0;
				GCC_PREPROCESSOR_DEFINITIONS = (
					"DEBUG=1",
					"$(inherited)",
				);
				GCC_WARN_64_TO_32_BIT_CONVERSION = YES;
				GCC_WARN_ABOUT_RETURN_TYPE = YES_ERROR;
				GCC_WARN_UNDECLARED_SELECTOR = YES;
				GCC_WARN_UNINITIALIZED_AUTOS = YES_AGGRESSIVE;
				GCC_WARN_UNUSED_FUNCTION = YES;
				GCC_WARN_UNUSED_VARIABLE = YES;
				IPHONEOS_DEPLOYMENT_TARGET = 15.0;
				MTL_ENABLE_DEBUG_INFO = INCLUDE_SOURCE;
				MTL_FAST_MATH = YES;
				ONLY_ACTIVE_ARCH = YES;
				SDKROOT = iphoneos;
				SWIFT_ACTIVE_COMPILATION_CONDITIONS = DEBUG;
				SWIFT_OPTIMIZATION_LEVEL = "-Onone";
			};
			name = Debug;
		};
		FCF8310C29421BFE00DE4261 /* Release */ = {
			isa = XCBuildConfiguration;
			buildSettings = {
				ALWAYS_SEARCH_USER_PATHS = NO;
				CLANG_ANALYZER_NONNULL = YES;
				CLANG_ANALYZER_NUMBER_OBJECT_CONVERSION = YES_AGGRESSIVE;
				CLANG_CXX_LANGUAGE_STANDARD = "gnu++20";
				CLANG_ENABLE_MODULES = YES;
				CLANG_ENABLE_OBJC_ARC = YES;
				CLANG_ENABLE_OBJC_WEAK = YES;
				CLANG_WARN_BLOCK_CAPTURE_AUTORELEASING = YES;
				CLANG_WARN_BOOL_CONVERSION = YES;
				CLANG_WARN_COMMA = YES;
				CLANG_WARN_CONSTANT_CONVERSION = YES;
				CLANG_WARN_DEPRECATED_OBJC_IMPLEMENTATIONS = YES;
				CLANG_WARN_DIRECT_OBJC_ISA_USAGE = YES_ERROR;
				CLANG_WARN_DOCUMENTATION_COMMENTS = YES;
				CLANG_WARN_EMPTY_BODY = YES;
				CLANG_WARN_ENUM_CONVERSION = YES;
				CLANG_WARN_INFINITE_RECURSION = YES;
				CLANG_WARN_INT_CONVERSION = YES;
				CLANG_WARN_NON_LITERAL_NULL_CONVERSION = YES;
				CLANG_WARN_OBJC_IMPLICIT_RETAIN_SELF = YES;
				CLANG_WARN_OBJC_LITERAL_CONVERSION = YES;
				CLANG_WARN_OBJC_ROOT_CLASS = YES_ERROR;
				CLANG_WARN_QUOTED_INCLUDE_IN_FRAMEWORK_HEADER = YES;
				CLANG_WARN_RANGE_LOOP_ANALYSIS = YES;
				CLANG_WARN_STRICT_PROTOTYPES = YES;
				CLANG_WARN_SUSPICIOUS_MOVE = YES;
				CLANG_WARN_UNGUARDED_AVAILABILITY = YES_AGGRESSIVE;
				CLANG_WARN_UNREACHABLE_CODE = YES;
				CLANG_WARN__DUPLICATE_METHOD_MATCH = YES;
				COPY_PHASE_STRIP = NO;
				DEBUG_INFORMATION_FORMAT = "dwarf-with-dsym";
				ENABLE_NS_ASSERTIONS = NO;
				ENABLE_STRICT_OBJC_MSGSEND = YES;
				GCC_C_LANGUAGE_STANDARD = gnu11;
				GCC_NO_COMMON_BLOCKS = YES;
				GCC_WARN_64_TO_32_BIT_CONVERSION = YES;
				GCC_WARN_ABOUT_RETURN_TYPE = YES_ERROR;
				GCC_WARN_UNDECLARED_SELECTOR = YES;
				GCC_WARN_UNINITIALIZED_AUTOS = YES_AGGRESSIVE;
				GCC_WARN_UNUSED_FUNCTION = YES;
				GCC_WARN_UNUSED_VARIABLE = YES;
				IPHONEOS_DEPLOYMENT_TARGET = 15.0;
				MTL_ENABLE_DEBUG_INFO = NO;
				MTL_FAST_MATH = YES;
				SDKROOT = iphoneos;
				SWIFT_COMPILATION_MODE = wholemodule;
				SWIFT_OPTIMIZATION_LEVEL = "-O";
				VALIDATE_PRODUCT = YES;
			};
			name = Release;
		};
		FCF8310E29421BFE00DE4261 /* Debug */ = {
			isa = XCBuildConfiguration;
			buildSettings = {
				ASSETCATALOG_COMPILER_APPICON_NAME = AppIcon;
				ASSETCATALOG_COMPILER_GLOBAL_ACCENT_COLOR_NAME = AccentColor;
				CODE_SIGN_STYLE = Automatic;
				CURRENT_PROJECT_VERSION = 1;
				DEVELOPMENT_TEAM = 6D7DV8JKPP;
				GENERATE_INFOPLIST_FILE = YES;
				INFOPLIST_FILE = iOSAppTaskAndreiTanc/Info.plist;
				INFOPLIST_KEY_UIApplicationSupportsIndirectInputEvents = YES;
				INFOPLIST_KEY_UILaunchStoryboardName = LaunchScreen;
				INFOPLIST_KEY_UISupportedInterfaceOrientations_iPad = "UIInterfaceOrientationPortrait UIInterfaceOrientationPortraitUpsideDown UIInterfaceOrientationLandscapeLeft UIInterfaceOrientationLandscapeRight";
				INFOPLIST_KEY_UISupportedInterfaceOrientations_iPhone = "UIInterfaceOrientationPortrait UIInterfaceOrientationLandscapeLeft UIInterfaceOrientationLandscapeRight";
				LD_RUNPATH_SEARCH_PATHS = (
					"$(inherited)",
					"@executable_path/Frameworks",
				);
				MARKETING_VERSION = 1.0;
				PRODUCT_BUNDLE_IDENTIFIER = com.AndreiTanc.iOSAppTaskAndreiTanc;
				PRODUCT_NAME = "$(TARGET_NAME)";
				SWIFT_EMIT_LOC_STRINGS = YES;
				SWIFT_VERSION = 5.0;
				TARGETED_DEVICE_FAMILY = "1,2";
			};
			name = Debug;
		};
		FCF8310F29421BFE00DE4261 /* Release */ = {
			isa = XCBuildConfiguration;
			buildSettings = {
				ASSETCATALOG_COMPILER_APPICON_NAME = AppIcon;
				ASSETCATALOG_COMPILER_GLOBAL_ACCENT_COLOR_NAME = AccentColor;
				CODE_SIGN_STYLE = Automatic;
				CURRENT_PROJECT_VERSION = 1;
				DEVELOPMENT_TEAM = 6D7DV8JKPP;
				GENERATE_INFOPLIST_FILE = YES;
				INFOPLIST_FILE = iOSAppTaskAndreiTanc/Info.plist;
				INFOPLIST_KEY_UIApplicationSupportsIndirectInputEvents = YES;
				INFOPLIST_KEY_UILaunchStoryboardName = LaunchScreen;
				INFOPLIST_KEY_UISupportedInterfaceOrientations_iPad = "UIInterfaceOrientationPortrait UIInterfaceOrientationPortraitUpsideDown UIInterfaceOrientationLandscapeLeft UIInterfaceOrientationLandscapeRight";
				INFOPLIST_KEY_UISupportedInterfaceOrientations_iPhone = "UIInterfaceOrientationPortrait UIInterfaceOrientationLandscapeLeft UIInterfaceOrientationLandscapeRight";
				LD_RUNPATH_SEARCH_PATHS = (
					"$(inherited)",
					"@executable_path/Frameworks",
				);
				MARKETING_VERSION = 1.0;
				PRODUCT_BUNDLE_IDENTIFIER = com.AndreiTanc.iOSAppTaskAndreiTanc;
				PRODUCT_NAME = "$(TARGET_NAME)";
				SWIFT_EMIT_LOC_STRINGS = YES;
				SWIFT_VERSION = 5.0;
				TARGETED_DEVICE_FAMILY = "1,2";
			};
			name = Release;
		};
		FCF83148294227CF00DE4261 /* Debug */ = {
			isa = XCBuildConfiguration;
			buildSettings = {
				BUNDLE_LOADER = "$(TEST_HOST)";
				CODE_SIGN_STYLE = Automatic;
				CURRENT_PROJECT_VERSION = 1;
				DEVELOPMENT_TEAM = 6D7DV8JKPP;
				GENERATE_INFOPLIST_FILE = YES;
				MARKETING_VERSION = 1.0;
				PRODUCT_BUNDLE_IDENTIFIER = com.AndreiTanc.iOSAppTaskAndreiTancTests;
				PRODUCT_NAME = "$(TARGET_NAME)";
				SWIFT_EMIT_LOC_STRINGS = NO;
				SWIFT_VERSION = 5.0;
				TARGETED_DEVICE_FAMILY = "1,2";
				TEST_HOST = "$(BUILT_PRODUCTS_DIR)/iOSAppTaskAndreiTanc.app/$(BUNDLE_EXECUTABLE_FOLDER_PATH)/iOSAppTaskAndreiTanc";
			};
			name = Debug;
		};
		FCF83149294227CF00DE4261 /* Release */ = {
			isa = XCBuildConfiguration;
			buildSettings = {
				BUNDLE_LOADER = "$(TEST_HOST)";
				CODE_SIGN_STYLE = Automatic;
				CURRENT_PROJECT_VERSION = 1;
				DEVELOPMENT_TEAM = 6D7DV8JKPP;
				GENERATE_INFOPLIST_FILE = YES;
				MARKETING_VERSION = 1.0;
				PRODUCT_BUNDLE_IDENTIFIER = com.AndreiTanc.iOSAppTaskAndreiTancTests;
				PRODUCT_NAME = "$(TARGET_NAME)";
				SWIFT_EMIT_LOC_STRINGS = NO;
				SWIFT_VERSION = 5.0;
				TARGETED_DEVICE_FAMILY = "1,2";
				TEST_HOST = "$(BUILT_PRODUCTS_DIR)/iOSAppTaskAndreiTanc.app/$(BUNDLE_EXECUTABLE_FOLDER_PATH)/iOSAppTaskAndreiTanc";
			};
			name = Release;
		};
/* End XCBuildConfiguration section */

/* Begin XCConfigurationList section */
		FCF830F429421BFD00DE4261 /* Build configuration list for PBXProject "iOSAppTaskAndreiTanc" */ = {
			isa = XCConfigurationList;
			buildConfigurations = (
				FCF8310B29421BFE00DE4261 /* Debug */,
				FCF8310C29421BFE00DE4261 /* Release */,
			);
			defaultConfigurationIsVisible = 0;
			defaultConfigurationName = Release;
		};
		FCF8310D29421BFE00DE4261 /* Build configuration list for PBXNativeTarget "iOSAppTaskAndreiTanc" */ = {
			isa = XCConfigurationList;
			buildConfigurations = (
				FCF8310E29421BFE00DE4261 /* Debug */,
				FCF8310F29421BFE00DE4261 /* Release */,
			);
			defaultConfigurationIsVisible = 0;
			defaultConfigurationName = Release;
		};
		FCF83147294227CF00DE4261 /* Build configuration list for PBXNativeTarget "iOSAppTaskAndreiTancTests" */ = {
			isa = XCConfigurationList;
			buildConfigurations = (
				FCF83148294227CF00DE4261 /* Debug */,
				FCF83149294227CF00DE4261 /* Release */,
			);
			defaultConfigurationIsVisible = 0;
			defaultConfigurationName = Release;
		};
/* End XCConfigurationList section */

/* Begin XCRemoteSwiftPackageReference section */
		FCF8311729421C6300DE4261 /* XCRemoteSwiftPackageReference "Alamofire" */ = {
			isa = XCRemoteSwiftPackageReference;
			repositoryURL = "https://github.com/Alamofire/Alamofire";
			requirement = {
				branch = master;
				kind = branch;
			};
		};
		FCF8313A2942260000DE4261 /* XCRemoteSwiftPackageReference "ProgressHUD" */ = {
			isa = XCRemoteSwiftPackageReference;
			repositoryURL = "https://github.com/relatedcode/ProgressHUD";
			requirement = {
				branch = master;
				kind = branch;
			};
		};
/* End XCRemoteSwiftPackageReference section */

/* Begin XCSwiftPackageProductDependency section */
		FCF8311829421C6300DE4261 /* Alamofire */ = {
			isa = XCSwiftPackageProductDependency;
			package = FCF8311729421C6300DE4261 /* XCRemoteSwiftPackageReference "Alamofire" */;
			productName = Alamofire;
		};
		FCF8313B2942260000DE4261 /* ProgressHUD */ = {
			isa = XCSwiftPackageProductDependency;
			package = FCF8313A2942260000DE4261 /* XCRemoteSwiftPackageReference "ProgressHUD" */;
			productName = ProgressHUD;
		};
/* End XCSwiftPackageProductDependency section */

/* Begin XCVersionGroup section */
		FCF8312329421E7A00DE4261 /* TaskData.xcdatamodeld */ = {
			isa = XCVersionGroup;
			children = (
				FCF8312429421E7A00DE4261 /* TaskData.xcdatamodel */,
			);
			currentVersion = FCF8312429421E7A00DE4261 /* TaskData.xcdatamodel */;
			path = TaskData.xcdatamodeld;
			sourceTree = "<group>";
			versionGroupType = wrapper.xcdatamodel;
		};
/* End XCVersionGroup section */
	};
	rootObject = FCF830F129421BFD00DE4261 /* Project object */;
}
